
Microsoft Visual Studio Solution File, Format Version 12.00
# Visual Studio Version 16
VisualStudioVersion = 16.0.34601.136
MinimumVisualStudioVersion = 10.0.40219.1
Project("{FAE04EC0-301F-11D3-BF4B-00C04F79EFBC}") = "SE Project", "SE Project\SE Project.csproj", "{3BB15664-D121-4D86-8620-F68FA36A5958}"
EndProject
Global
	GlobalSection(SolutionConfigurationPlatforms) = preSolution
		Debug|Any CPU = Debug|Any CPU
		Release|Any CPU = Release|Any CPU
	EndGlobalSection
	GlobalSection(ProjectConfigurationPlatforms) = postSolution
		{3BB15664-D121-4D86-8620-F68FA36A5958}.Debug|Any CPU.ActiveCfg = Debug|Any CPU
		{3BB15664-D121-4D86-8620-F68FA36A5958}.Debug|Any CPU.Build.0 = Debug|Any CPU
		{3BB15664-D121-4D86-8620-F68FA36A5958}.Release|Any CPU.ActiveCfg = Release|Any CPU
		{3BB15664-D121-4D86-8620-F68FA36A5958}.Release|Any CPU.Build.0 = Release|Any CPU
	EndGlobalSection
	GlobalSection(SolutionProperties) = preSolution
		HideSolutionNode = FALSE
	EndGlobalSection
	GlobalSection(ExtensibilityGlobals) = postSolution
		SolutionGuid = {E1F32DD2-6E9A-4373-A3BB-900DD5633094}
	EndGlobalSection
EndGlobal
